{
  "version": "5",
  "specifiers": {
    "jsr:@hidarikani/game-of-life-engine@0.5.0": "0.5.0",
    "jsr:@std/assert@1": "1.0.19",
    "jsr:@std/internal@^1.0.12": "1.0.12",
    "jsr:@std/yaml@1": "1.1.2"
  },
  "jsr": {
    "@hidarikani/game-of-life-engine@0.5.0": {
      "integrity": "be0f39df65aa46d1410c58449cdcbb70f0ea86c874cc7b83e9d59f7627f22209",
      "dependencies": [
        "jsr:@std/yaml"
      ]
    },
    "@std/assert@1.0.19": {
      "integrity": "eaada96ee120cb980bc47e040f82814d786fe8162ecc53c91d8df60b8755991e",
      "dependencies": [
        "jsr:@std/internal"
      ]
    },
    "@std/internal@1.0.12": {
      "integrity": "972a634fd5bc34b242024402972cd5143eac68d8dffaca5eaa4dba30ce17b027"
    },
    "@std/yaml@1.1.2": {
      "integrity": "de612653c036749ba2044165e316f52412b0f0698afffb7ee80b5331d6d2abae"
    }
  },
  "workspace": {
    "dependencies": [
      "jsr:@hidarikani/game-of-life-engine@0.5.0",
      "jsr:@std/assert@1"
    ]
  }
}
